{
  "name": "better-format",
  "version": "0.0.4",
  "lockfileVersion": 3,
  "requires": true,
  "packages": {
    "": {
      "name": "better-format",
      "version": "0.0.4",
      "license": "ISC",
      "dependencies": {
        "google-libphonenumber": "^3.2.33"
      }
    },
    "node_modules/google-libphonenumber": {
      "version": "3.2.33",
      "resolved": "https://registry.npmjs.org/google-libphonenumber/-/google-libphonenumber-3.2.33.tgz",
      "integrity": "sha512-1QKCvAlfq8zY1mviORI9lDzM3I/hwm9+h0CwYBTLq59DBbSHMd5zBOLqHZFiBLicRpwIz46Nynvbywj1XApKvA==",
      "engines": {
        "node": ">=0.10"
      }
    }
  }
}
